// !$*UTF8*$!
{
	archiveVersion = 1;
	classes = {
	};
	objectVersion = 48;
	objects = {

/* Begin PBXBuildFile section */
		3E93F66EAFFB88A332C26ED4 /* Pods_weatherappUITests.framework in Frameworks */ = {isa = PBXBuildFile; fileRef = 1336D3656F0EC026499403DF /* Pods_weatherappUITests.framework */; };
		811635A220AC20D200116E20 /* AppDelegate.swift in Sources */ = {isa = PBXBuildFile; fileRef = 811635A120AC20D200116E20 /* AppDelegate.swift */; };
		811635A420AC20D200116E20 /* ViewController.swift in Sources */ = {isa = PBXBuildFile; fileRef = 811635A320AC20D200116E20 /* ViewController.swift */; };
		811635A720AC20D200116E20 /* Main.storyboard in Resources */ = {isa = PBXBuildFile; fileRef = 811635A520AC20D200116E20 /* Main.storyboard */; };
		811635AA20AC20D200116E20 /* weatherapp.xcdatamodeld in Sources */ = {isa = PBXBuildFile; fileRef = 811635A820AC20D200116E20 /* weatherapp.xcdatamodeld */; };
		811635AC20AC20D200116E20 /* Assets.xcassets in Resources */ = {isa = PBXBuildFile; fileRef = 811635AB20AC20D200116E20 /* Assets.xcassets */; };
		811635AF20AC20D200116E20 /* LaunchScreen.storyboard in Resources */ = {isa = PBXBuildFile; fileRef = 811635AD20AC20D200116E20 /* LaunchScreen.storyboard */; };
		811635BA20AC20D300116E20 /* weatherappTests.swift in Sources */ = {isa = PBXBuildFile; fileRef = 811635B920AC20D300116E20 /* weatherappTests.swift */; };
		811635C520AC20D300116E20 /* weatherappUITests.swift in Sources */ = {isa = PBXBuildFile; fileRef = 811635C420AC20D300116E20 /* weatherappUITests.swift */; };
		81464BC320ACE8A2000BBEF5 /* IsoCountries.swift in Sources */ = {isa = PBXBuildFile; fileRef = 81464BC220ACE8A2000BBEF5 /* IsoCountries.swift */; };
		81464BC520ACE8DE000BBEF5 /* IsoCountryCodes.swift in Sources */ = {isa = PBXBuildFile; fileRef = 81464BC420ACE8DE000BBEF5 /* IsoCountryCodes.swift */; };
		81464BC720ACF246000BBEF5 /* UIImageView+Extension.swift in Sources */ = {isa = PBXBuildFile; fileRef = 81464BC620ACF246000BBEF5 /* UIImageView+Extension.swift */; };
		8160B88620AD282D00C01EED /* XCUIApplication.swift in Sources */ = {isa = PBXBuildFile; fileRef = 8160B88520AD282D00C01EED /* XCUIApplication.swift */; };
		8160B88820AD501A00C01EED /* Hits.swift in Sources */ = {isa = PBXBuildFile; fileRef = 8160B88720AD501A00C01EED /* Hits.swift */; };
		8160B88B20AD5A6E00C01EED /* Rain.swift in Sources */ = {isa = PBXBuildFile; fileRef = 8160B88A20AD5A6E00C01EED /* Rain.swift */; };
		8160B88D20AD662A00C01EED /* TimestampUtils.swift in Sources */ = {isa = PBXBuildFile; fileRef = 8160B88C20AD662A00C01EED /* TimestampUtils.swift */; };
		8160B89020AD6DE600C01EED /* ApiImageResponse.swift in Sources */ = {isa = PBXBuildFile; fileRef = 8160B88F20AD6DE600C01EED /* ApiImageResponse.swift */; };
		8160B89220AD6E4B00C01EED /* ApiImageRouter.swift in Sources */ = {isa = PBXBuildFile; fileRef = 8160B89120AD6E4B00C01EED /* ApiImageRouter.swift */; };
		8160B89420AD6F2100C01EED /* ApiImage.swift in Sources */ = {isa = PBXBuildFile; fileRef = 8160B89320AD6F2100C01EED /* ApiImage.swift */; };
		8180181120AC79BB00C4EF3E /* Weather.swift in Sources */ = {isa = PBXBuildFile; fileRef = 8180181020AC79BB00C4EF3E /* Weather.swift */; };
		8180181620AC7C4500C4EF3E /* Weather.storyboard in Resources */ = {isa = PBXBuildFile; fileRef = 8180181520AC7C4500C4EF3E /* Weather.storyboard */; };
		8180181820AC7C6800C4EF3E /* WeatherViewController.swift in Sources */ = {isa = PBXBuildFile; fileRef = 8180181720AC7C6800C4EF3E /* WeatherViewController.swift */; };
		8180181A20AC7D5200C4EF3E /* Constant.swift in Sources */ = {isa = PBXBuildFile; fileRef = 8180181920AC7D5200C4EF3E /* Constant.swift */; };
		8180181D20AC804B00C4EF3E /* ApiResponse.swift in Sources */ = {isa = PBXBuildFile; fileRef = 8180181C20AC804B00C4EF3E /* ApiResponse.swift */; };
		8180181F20AC819200C4EF3E /* Coord.swift in Sources */ = {isa = PBXBuildFile; fileRef = 8180181E20AC819200C4EF3E /* Coord.swift */; };
		8180182120AC81E500C4EF3E /* Main.swift in Sources */ = {isa = PBXBuildFile; fileRef = 8180182020AC81E500C4EF3E /* Main.swift */; };
		8180182320AC847100C4EF3E /* Wind.swift in Sources */ = {isa = PBXBuildFile; fileRef = 8180182220AC847100C4EF3E /* Wind.swift */; };
		8180182520AC84B000C4EF3E /* Clouds.swift in Sources */ = {isa = PBXBuildFile; fileRef = 8180182420AC84B000C4EF3E /* Clouds.swift */; };
		8180182720AC84D100C4EF3E /* Sys.swift in Sources */ = {isa = PBXBuildFile; fileRef = 8180182620AC84D100C4EF3E /* Sys.swift */; };
		8180182920AC854400C4EF3E /* ApiRouter.swift in Sources */ = {isa = PBXBuildFile; fileRef = 8180182820AC854400C4EF3E /* ApiRouter.swift */; };
		8180182B20AC876700C4EF3E /* Api.swift in Sources */ = {isa = PBXBuildFile; fileRef = 8180182A20AC876700C4EF3E /* Api.swift */; };
		8180182E20AC8CBD00C4EF3E /* UIButton+Extension.swift in Sources */ = {isa = PBXBuildFile; fileRef = 8180182D20AC8CBD00C4EF3E /* UIButton+Extension.swift */; };
		8180183020AC8CE200C4EF3E /* UIColor+Extension.swift in Sources */ = {isa = PBXBuildFile; fileRef = 8180182F20AC8CE200C4EF3E /* UIColor+Extension.swift */; };
		C44FB5480539EDE51420D3B3 /* Pods_weatherappTests.framework in Frameworks */ = {isa = PBXBuildFile; fileRef = 83B9354CD5BBEFD22B59E8B7 /* Pods_weatherappTests.framework */; };
		D85BA19CD1C5B5621CCD7AD0 /* Pods_weatherapp.framework in Frameworks */ = {isa = PBXBuildFile; fileRef = 0B8DF04870D903EBB89C8557 /* Pods_weatherapp.framework */; };
		EFD45BBCF2811A958EFF678F /* Pods_weatherapp_weatherappTests.framework in Frameworks */ = {isa = PBXBuildFile; fileRef = 23BC14450646BA1FEE087EAC /* Pods_weatherapp_weatherappTests.framework */; };
/* End PBXBuildFile section */

/* Begin PBXContainerItemProxy section */
		811635B620AC20D300116E20 /* PBXContainerItemProxy */ = {
			isa = PBXContainerItemProxy;
			containerPortal = 8116359620AC20D200116E20 /* Project object */;
			proxyType = 1;
			remoteGlobalIDString = 8116359D20AC20D200116E20;
			remoteInfo = weatherapp;
		};
		811635C120AC20D300116E20 /* PBXContainerItemProxy */ = {
			isa = PBXContainerItemProxy;
			containerPortal = 8116359620AC20D200116E20 /* Project object */;
			proxyType = 1;
			remoteGlobalIDString = 8116359D20AC20D200116E20;
			remoteInfo = weatherapp;
		};
/* End PBXContainerItemProxy section */

/* Begin PBXFileReference section */
		0B8DF04870D903EBB89C8557 /* Pods_weatherapp.framework */ = {isa = PBXFileReference; explicitFileType = wrapper.framework; includeInIndex = 0; path = Pods_weatherapp.framework; sourceTree = BUILT_PRODUCTS_DIR; };
		1336D3656F0EC026499403DF /* Pods_weatherappUITests.framework */ = {isa = PBXFileReference; explicitFileType = wrapper.framework; includeInIndex = 0; path = Pods_weatherappUITests.framework; sourceTree = BUILT_PRODUCTS_DIR; };
		23BC14450646BA1FEE087EAC /* Pods_weatherapp_weatherappTests.framework */ = {isa = PBXFileReference; explicitFileType = wrapper.framework; includeInIndex = 0; path = Pods_weatherapp_weatherappTests.framework; sourceTree = BUILT_PRODUCTS_DIR; };
		30D06370BF96DB927EA6FE01 /* Pods-weatherapp-weatherappTests.release.xcconfig */ = {isa = PBXFileReference; includeInIndex = 1; lastKnownFileType = text.xcconfig; name = "Pods-weatherapp-weatherappTests.release.xcconfig"; path = "Pods/Target Support Files/Pods-weatherapp-weatherappTests/Pods-weatherapp-weatherappTests.release.xcconfig"; sourceTree = "<group>"; };
		3A3537F90B81F0AE8DD34FAF /* Pods-weatherapp-weatherappTests.debug.xcconfig */ = {isa = PBXFileReference; includeInIndex = 1; lastKnownFileType = text.xcconfig; name = "Pods-weatherapp-weatherappTests.debug.xcconfig"; path = "Pods/Target Support Files/Pods-weatherapp-weatherappTests/Pods-weatherapp-weatherappTests.debug.xcconfig"; sourceTree = "<group>"; };
		6CD16D51C5B13F3B770326F9 /* Pods-weatherappUITests.release.xcconfig */ = {isa = PBXFileReference; includeInIndex = 1; lastKnownFileType = text.xcconfig; name = "Pods-weatherappUITests.release.xcconfig"; path = "Pods/Target Support Files/Pods-weatherappUITests/Pods-weatherappUITests.release.xcconfig"; sourceTree = "<group>"; };
		8116359E20AC20D200116E20 /* weatherapp.app */ = {isa = PBXFileReference; explicitFileType = wrapper.application; includeInIndex = 0; path = weatherapp.app; sourceTree = BUILT_PRODUCTS_DIR; };
		811635A120AC20D200116E20 /* AppDelegate.swift */ = {isa = PBXFileReference; lastKnownFileType = sourcecode.swift; path = AppDelegate.swift; sourceTree = "<group>"; };
		811635A320AC20D200116E20 /* ViewController.swift */ = {isa = PBXFileReference; lastKnownFileType = sourcecode.swift; path = ViewController.swift; sourceTree = "<group>"; };
		811635A620AC20D200116E20 /* Base */ = {isa = PBXFileReference; lastKnownFileType = file.storyboard; name = Base; path = Base.lproj/Main.storyboard; sourceTree = "<group>"; };
		811635A920AC20D200116E20 /* weatherapp.xcdatamodel */ = {isa = PBXFileReference; lastKnownFileType = wrapper.xcdatamodel; path = weatherapp.xcdatamodel; sourceTree = "<group>"; };
		811635AB20AC20D200116E20 /* Assets.xcassets */ = {isa = PBXFileReference; lastKnownFileType = folder.assetcatalog; path = Assets.xcassets; sourceTree = "<group>"; };
		811635AE20AC20D200116E20 /* Base */ = {isa = PBXFileReference; lastKnownFileType = file.storyboard; name = Base; path = Base.lproj/LaunchScreen.storyboard; sourceTree = "<group>"; };
		811635B020AC20D200116E20 /* Info.plist */ = {isa = PBXFileReference; lastKnownFileType = text.plist.xml; path = Info.plist; sourceTree = "<group>"; };
		811635B520AC20D300116E20 /* weatherappTests.xctest */ = {isa = PBXFileReference; explicitFileType = wrapper.cfbundle; includeInIndex = 0; path = weatherappTests.xctest; sourceTree = BUILT_PRODUCTS_DIR; };
		811635B920AC20D300116E20 /* weatherappTests.swift */ = {isa = PBXFileReference; lastKnownFileType = sourcecode.swift; path = weatherappTests.swift; sourceTree = "<group>"; };
		811635BB20AC20D300116E20 /* Info.plist */ = {isa = PBXFileReference; lastKnownFileType = text.plist.xml; path = Info.plist; sourceTree = "<group>"; };
		811635C020AC20D300116E20 /* weatherappUITests.xctest */ = {isa = PBXFileReference; explicitFileType = wrapper.cfbundle; includeInIndex = 0; path = weatherappUITests.xctest; sourceTree = BUILT_PRODUCTS_DIR; };
		811635C420AC20D300116E20 /* weatherappUITests.swift */ = {isa = PBXFileReference; lastKnownFileType = sourcecode.swift; path = weatherappUITests.swift; sourceTree = "<group>"; };
		811635C620AC20D300116E20 /* Info.plist */ = {isa = PBXFileReference; lastKnownFileType = text.plist.xml; path = Info.plist; sourceTree = "<group>"; };
		81464BC220ACE8A2000BBEF5 /* IsoCountries.swift */ = {isa = PBXFileReference; lastKnownFileType = sourcecode.swift; path = IsoCountries.swift; sourceTree = "<group>"; };
		81464BC420ACE8DE000BBEF5 /* IsoCountryCodes.swift */ = {isa = PBXFileReference; lastKnownFileType = sourcecode.swift; path = IsoCountryCodes.swift; sourceTree = "<group>"; };
		81464BC620ACF246000BBEF5 /* UIImageView+Extension.swift */ = {isa = PBXFileReference; lastKnownFileType = sourcecode.swift; path = "UIImageView+Extension.swift"; sourceTree = "<group>"; };
		8160B88520AD282D00C01EED /* XCUIApplication.swift */ = {isa = PBXFileReference; lastKnownFileType = sourcecode.swift; path = XCUIApplication.swift; sourceTree = "<group>"; };
		8160B88720AD501A00C01EED /* Hits.swift */ = {isa = PBXFileReference; lastKnownFileType = sourcecode.swift; path = Hits.swift; sourceTree = "<group>"; };
		8160B88A20AD5A6E00C01EED /* Rain.swift */ = {isa = PBXFileReference; lastKnownFileType = sourcecode.swift; path = Rain.swift; sourceTree = "<group>"; };
		8160B88C20AD662A00C01EED /* TimestampUtils.swift */ = {isa = PBXFileReference; lastKnownFileType = sourcecode.swift; path = TimestampUtils.swift; sourceTree = "<group>"; };
		8160B88F20AD6DE600C01EED /* ApiImageResponse.swift */ = {isa = PBXFileReference; lastKnownFileType = sourcecode.swift; path = ApiImageResponse.swift; sourceTree = "<group>"; };
		8160B89120AD6E4B00C01EED /* ApiImageRouter.swift */ = {isa = PBXFileReference; lastKnownFileType = sourcecode.swift; path = ApiImageRouter.swift; sourceTree = "<group>"; };
		8160B89320AD6F2100C01EED /* ApiImage.swift */ = {isa = PBXFileReference; lastKnownFileType = sourcecode.swift; path = ApiImage.swift; sourceTree = "<group>"; };
		8180181020AC79BB00C4EF3E /* Weather.swift */ = {isa = PBXFileReference; lastKnownFileType = sourcecode.swift; path = Weather.swift; sourceTree = "<group>"; };
		8180181520AC7C4500C4EF3E /* Weather.storyboard */ = {isa = PBXFileReference; lastKnownFileType = file.storyboard; path = Weather.storyboard; sourceTree = "<group>"; };
		8180181720AC7C6800C4EF3E /* WeatherViewController.swift */ = {isa = PBXFileReference; lastKnownFileType = sourcecode.swift; path = WeatherViewController.swift; sourceTree = "<group>"; };
		8180181920AC7D5200C4EF3E /* Constant.swift */ = {isa = PBXFileReference; lastKnownFileType = sourcecode.swift; path = Constant.swift; sourceTree = "<group>"; };
		8180181C20AC804B00C4EF3E /* ApiResponse.swift */ = {isa = PBXFileReference; lastKnownFileType = sourcecode.swift; path = ApiResponse.swift; sourceTree = "<group>"; };
		8180181E20AC819200C4EF3E /* Coord.swift */ = {isa = PBXFileReference; lastKnownFileType = sourcecode.swift; path = Coord.swift; sourceTree = "<group>"; };
		8180182020AC81E500C4EF3E /* Main.swift */ = {isa = PBXFileReference; lastKnownFileType = sourcecode.swift; path = Main.swift; sourceTree = "<group>"; };
		8180182220AC847100C4EF3E /* Wind.swift */ = {isa = PBXFileReference; lastKnownFileType = sourcecode.swift; path = Wind.swift; sourceTree = "<group>"; };
		8180182420AC84B000C4EF3E /* Clouds.swift */ = {isa = PBXFileReference; lastKnownFileType = sourcecode.swift; path = Clouds.swift; sourceTree = "<group>"; };
		8180182620AC84D100C4EF3E /* Sys.swift */ = {isa = PBXFileReference; lastKnownFileType = sourcecode.swift; path = Sys.swift; sourceTree = "<group>"; };
		8180182820AC854400C4EF3E /* ApiRouter.swift */ = {isa = PBXFileReference; lastKnownFileType = sourcecode.swift; path = ApiRouter.swift; sourceTree = "<group>"; };
		8180182A20AC876700C4EF3E /* Api.swift */ = {isa = PBXFileReference; lastKnownFileType = sourcecode.swift; path = Api.swift; sourceTree = "<group>"; };
		8180182D20AC8CBD00C4EF3E /* UIButton+Extension.swift */ = {isa = PBXFileReference; lastKnownFileType = sourcecode.swift; path = "UIButton+Extension.swift"; sourceTree = "<group>"; };
		8180182F20AC8CE200C4EF3E /* UIColor+Extension.swift */ = {isa = PBXFileReference; lastKnownFileType = sourcecode.swift; path = "UIColor+Extension.swift"; sourceTree = "<group>"; };
		83B9354CD5BBEFD22B59E8B7 /* Pods_weatherappTests.framework */ = {isa = PBXFileReference; explicitFileType = wrapper.framework; includeInIndex = 0; path = Pods_weatherappTests.framework; sourceTree = BUILT_PRODUCTS_DIR; };
		9F5DB3C1C01E1A075CA16F14 /* Pods-weatherappUITests.debug.xcconfig */ = {isa = PBXFileReference; includeInIndex = 1; lastKnownFileType = text.xcconfig; name = "Pods-weatherappUITests.debug.xcconfig"; path = "Pods/Target Support Files/Pods-weatherappUITests/Pods-weatherappUITests.debug.xcconfig"; sourceTree = "<group>"; };
		A411F27BE9E5D807D8DD3485 /* Pods-weatherappTests.debug.xcconfig */ = {isa = PBXFileReference; includeInIndex = 1; lastKnownFileType = text.xcconfig; name = "Pods-weatherappTests.debug.xcconfig"; path = "Pods/Target Support Files/Pods-weatherappTests/Pods-weatherappTests.debug.xcconfig"; sourceTree = "<group>"; };
		D5ED0FB5496D57F08FC58EF5 /* Pods-weatherappTests.release.xcconfig */ = {isa = PBXFileReference; includeInIndex = 1; lastKnownFileType = text.xcconfig; name = "Pods-weatherappTests.release.xcconfig"; path = "Pods/Target Support Files/Pods-weatherappTests/Pods-weatherappTests.release.xcconfig"; sourceTree = "<group>"; };
		EE9E88FEC4A2F19FD41E92B0 /* Pods-weatherapp.debug.xcconfig */ = {isa = PBXFileReference; includeInIndex = 1; lastKnownFileType = text.xcconfig; name = "Pods-weatherapp.debug.xcconfig"; path = "Pods/Target Support Files/Pods-weatherapp/Pods-weatherapp.debug.xcconfig"; sourceTree = "<group>"; };
		F9B0DC57954C658B6F979CBA /* Pods-weatherapp.release.xcconfig */ = {isa = PBXFileReference; includeInIndex = 1; lastKnownFileType = text.xcconfig; name = "Pods-weatherapp.release.xcconfig"; path = "Pods/Target Support Files/Pods-weatherapp/Pods-weatherapp.release.xcconfig"; sourceTree = "<group>"; };
/* End PBXFileReference section */

/* Begin PBXFrameworksBuildPhase section */
		8116359B20AC20D200116E20 /* Frameworks */ = {
			isa = PBXFrameworksBuildPhase;
			buildActionMask = 2147483647;
			files = (
				D85BA19CD1C5B5621CCD7AD0 /* Pods_weatherapp.framework in Frameworks */,
			);
			runOnlyForDeploymentPostprocessing = 0;
		};
		811635B220AC20D300116E20 /* Frameworks */ = {
			isa = PBXFrameworksBuildPhase;
			buildActionMask = 2147483647;
			files = (
				EFD45BBCF2811A958EFF678F /* Pods_weatherapp_weatherappTests.framework in Frameworks */,
				C44FB5480539EDE51420D3B3 /* Pods_weatherappTests.framework in Frameworks */,
			);
			runOnlyForDeploymentPostprocessing = 0;
		};
		811635BD20AC20D300116E20 /* Frameworks */ = {
			isa = PBXFrameworksBuildPhase;
			buildActionMask = 2147483647;
			files = (
				3E93F66EAFFB88A332C26ED4 /* Pods_weatherappUITests.framework in Frameworks */,
			);
			runOnlyForDeploymentPostprocessing = 0;
		};
/* End PBXFrameworksBuildPhase section */

/* Begin PBXGroup section */
		8116359520AC20D200116E20 = {
			isa = PBXGroup;
			children = (
				811635A020AC20D200116E20 /* weatherapp */,
				811635B820AC20D300116E20 /* weatherappTests */,
				811635C320AC20D300116E20 /* weatherappUITests */,
				8116359F20AC20D200116E20 /* Products */,
				D39FE3DDF9A560B25AEE9BF2 /* Pods */,
				BC9B2AEA71C2308C0B9A40DE /* Frameworks */,
			);
			sourceTree = "<group>";
		};
		8116359F20AC20D200116E20 /* Products */ = {
			isa = PBXGroup;
			children = (
				8116359E20AC20D200116E20 /* weatherapp.app */,
				811635B520AC20D300116E20 /* weatherappTests.xctest */,
				811635C020AC20D300116E20 /* weatherappUITests.xctest */,
			);
			name = Products;
			sourceTree = "<group>";
		};
		811635A020AC20D200116E20 /* weatherapp */ = {
			isa = PBXGroup;
			children = (
				8180182C20AC8C8000C4EF3E /* Extensions */,
				8180181B20AC803700C4EF3E /* Api */,
				8180180F20AC78FD00C4EF3E /* Utils */,
				8180180E20AC78F500C4EF3E /* Models */,
				8180180B20AC768100C4EF3E /* Ui */,
				811635A120AC20D200116E20 /* AppDelegate.swift */,
				811635AB20AC20D200116E20 /* Assets.xcassets */,
				811635AD20AC20D200116E20 /* LaunchScreen.storyboard */,
				811635B020AC20D200116E20 /* Info.plist */,
				811635A820AC20D200116E20 /* weatherapp.xcdatamodeld */,
			);
			path = weatherapp;
			sourceTree = "<group>";
		};
		811635B820AC20D300116E20 /* weatherappTests */ = {
			isa = PBXGroup;
			children = (
				811635B920AC20D300116E20 /* weatherappTests.swift */,
				811635BB20AC20D300116E20 /* Info.plist */,
			);
			path = weatherappTests;
			sourceTree = "<group>";
		};
		811635C320AC20D300116E20 /* weatherappUITests */ = {
			isa = PBXGroup;
			children = (
				811635C420AC20D300116E20 /* weatherappUITests.swift */,
				811635C620AC20D300116E20 /* Info.plist */,
				8160B88520AD282D00C01EED /* XCUIApplication.swift */,
			);
			path = weatherappUITests;
			sourceTree = "<group>";
		};
		8160B88920AD542300C01EED /* ApiWeather */ = {
			isa = PBXGroup;
			children = (
				8180181C20AC804B00C4EF3E /* ApiResponse.swift */,
				8180182820AC854400C4EF3E /* ApiRouter.swift */,
				8180182A20AC876700C4EF3E /* Api.swift */,
			);
			path = ApiWeather;
			sourceTree = "<group>";
		};
		8160B88E20AD6D6200C01EED /* ApiImage */ = {
			isa = PBXGroup;
			children = (
				8160B88F20AD6DE600C01EED /* ApiImageResponse.swift */,
				8160B89120AD6E4B00C01EED /* ApiImageRouter.swift */,
				8160B89320AD6F2100C01EED /* ApiImage.swift */,
			);
			path = ApiImage;
			sourceTree = "<group>";
		};
		8180180B20AC768100C4EF3E /* Ui */ = {
			isa = PBXGroup;
			children = (
				8180180D20AC784900C4EF3E /* Weather */,
				8180180C20AC768A00C4EF3E /* Main */,
			);
			path = Ui;
			sourceTree = "<group>";
		};
		8180180C20AC768A00C4EF3E /* Main */ = {
			isa = PBXGroup;
			children = (
				811635A520AC20D200116E20 /* Main.storyboard */,
				811635A320AC20D200116E20 /* ViewController.swift */,
			);
			path = Main;
			sourceTree = "<group>";
		};
		8180180D20AC784900C4EF3E /* Weather */ = {
			isa = PBXGroup;
			children = (
				8180181520AC7C4500C4EF3E /* Weather.storyboard */,
				8180181720AC7C6800C4EF3E /* WeatherViewController.swift */,
			);
			path = Weather;
			sourceTree = "<group>";
		};
		8180180E20AC78F500C4EF3E /* Models */ = {
			isa = PBXGroup;
			children = (
				8180181020AC79BB00C4EF3E /* Weather.swift */,
				8180181E20AC819200C4EF3E /* Coord.swift */,
				8180182020AC81E500C4EF3E /* Main.swift */,
				8180182220AC847100C4EF3E /* Wind.swift */,
				8180182420AC84B000C4EF3E /* Clouds.swift */,
				8180182620AC84D100C4EF3E /* Sys.swift */,
				8160B88720AD501A00C01EED /* Hits.swift */,
				8160B88A20AD5A6E00C01EED /* Rain.swift */,
			);
			path = Models;
			sourceTree = "<group>";
		};
		8180180F20AC78FD00C4EF3E /* Utils */ = {
			isa = PBXGroup;
			children = (
				8180181920AC7D5200C4EF3E /* Constant.swift */,
				81464BC220ACE8A2000BBEF5 /* IsoCountries.swift */,
				81464BC420ACE8DE000BBEF5 /* IsoCountryCodes.swift */,
				8160B88C20AD662A00C01EED /* TimestampUtils.swift */,
			);
			path = Utils;
			sourceTree = "<group>";
		};
		8180181B20AC803700C4EF3E /* Api */ = {
			isa = PBXGroup;
			children = (
				8160B88E20AD6D6200C01EED /* ApiImage */,
				8160B88920AD542300C01EED /* ApiWeather */,
			);
			name = Api;
			path = "New Group";
			sourceTree = "<group>";
		};
		8180182C20AC8C8000C4EF3E /* Extensions */ = {
			isa = PBXGroup;
			children = (
				8180182D20AC8CBD00C4EF3E /* UIButton+Extension.swift */,
				8180182F20AC8CE200C4EF3E /* UIColor+Extension.swift */,
				81464BC620ACF246000BBEF5 /* UIImageView+Extension.swift */,
			);
			path = Extensions;
			sourceTree = "<group>";
		};
		BC9B2AEA71C2308C0B9A40DE /* Frameworks */ = {
			isa = PBXGroup;
			children = (
				0B8DF04870D903EBB89C8557 /* Pods_weatherapp.framework */,
				23BC14450646BA1FEE087EAC /* Pods_weatherapp_weatherappTests.framework */,
				1336D3656F0EC026499403DF /* Pods_weatherappUITests.framework */,
				83B9354CD5BBEFD22B59E8B7 /* Pods_weatherappTests.framework */,
			);
			name = Frameworks;
			sourceTree = "<group>";
		};
		D39FE3DDF9A560B25AEE9BF2 /* Pods */ = {
			isa = PBXGroup;
			children = (
				EE9E88FEC4A2F19FD41E92B0 /* Pods-weatherapp.debug.xcconfig */,
				F9B0DC57954C658B6F979CBA /* Pods-weatherapp.release.xcconfig */,
				3A3537F90B81F0AE8DD34FAF /* Pods-weatherapp-weatherappTests.debug.xcconfig */,
				30D06370BF96DB927EA6FE01 /* Pods-weatherapp-weatherappTests.release.xcconfig */,
				9F5DB3C1C01E1A075CA16F14 /* Pods-weatherappUITests.debug.xcconfig */,
				6CD16D51C5B13F3B770326F9 /* Pods-weatherappUITests.release.xcconfig */,
				A411F27BE9E5D807D8DD3485 /* Pods-weatherappTests.debug.xcconfig */,
				D5ED0FB5496D57F08FC58EF5 /* Pods-weatherappTests.release.xcconfig */,
			);
			name = Pods;
			sourceTree = "<group>";
		};
/* End PBXGroup section */

/* Begin PBXNativeTarget section */
		8116359D20AC20D200116E20 /* weatherapp */ = {
			isa = PBXNativeTarget;
			buildConfigurationList = 811635C920AC20D300116E20 /* Build configuration list for PBXNativeTarget "weatherapp" */;
			buildPhases = (
				4B747946B578EBA40B7921A2 /* [CP] Check Pods Manifest.lock */,
				8116359A20AC20D200116E20 /* Sources */,
				8116359B20AC20D200116E20 /* Frameworks */,
				8116359C20AC20D200116E20 /* Resources */,
				77CE4B6FFC8AF5D1BE0DD68A /* [CP] Embed Pods Frameworks */,
			);
			buildRules = (
			);
			dependencies = (
			);
			name = weatherapp;
			productName = weatherapp;
			productReference = 8116359E20AC20D200116E20 /* weatherapp.app */;
			productType = "com.apple.product-type.application";
		};
		811635B420AC20D300116E20 /* weatherappTests */ = {
			isa = PBXNativeTarget;
			buildConfigurationList = 811635CC20AC20D300116E20 /* Build configuration list for PBXNativeTarget "weatherappTests" */;
			buildPhases = (
				66699BBC8B8F8376B120EBFF /* [CP] Check Pods Manifest.lock */,
				811635B120AC20D300116E20 /* Sources */,
				811635B220AC20D300116E20 /* Frameworks */,
				811635B320AC20D300116E20 /* Resources */,
			);
			buildRules = (
			);
			dependencies = (
				811635B720AC20D300116E20 /* PBXTargetDependency */,
			);
			name = weatherappTests;
			productName = weatherappTests;
			productReference = 811635B520AC20D300116E20 /* weatherappTests.xctest */;
			productType = "com.apple.product-type.bundle.unit-test";
		};
		811635BF20AC20D300116E20 /* weatherappUITests */ = {
			isa = PBXNativeTarget;
			buildConfigurationList = 811635CF20AC20D300116E20 /* Build configuration list for PBXNativeTarget "weatherappUITests" */;
			buildPhases = (
				E01014F09E36C0F41F6A031C /* [CP] Check Pods Manifest.lock */,
				811635BC20AC20D300116E20 /* Sources */,
				811635BD20AC20D300116E20 /* Frameworks */,
				811635BE20AC20D300116E20 /* Resources */,
			);
			buildRules = (
			);
			dependencies = (
				811635C220AC20D300116E20 /* PBXTargetDependency */,
			);
			name = weatherappUITests;
			productName = weatherappUITests;
			productReference = 811635C020AC20D300116E20 /* weatherappUITests.xctest */;
			productType = "com.apple.product-type.bundle.ui-testing";
		};
/* End PBXNativeTarget section */

/* Begin PBXProject section */
		8116359620AC20D200116E20 /* Project object */ = {
			isa = PBXProject;
			attributes = {
				LastSwiftUpdateCheck = 0920;
				LastUpgradeCheck = 0920;
				ORGANIZATIONNAME = blanja;
				TargetAttributes = {
					8116359D20AC20D200116E20 = {
						CreatedOnToolsVersion = 9.2;
						ProvisioningStyle = Automatic;
					};
					811635B420AC20D300116E20 = {
						CreatedOnToolsVersion = 9.2;
						ProvisioningStyle = Automatic;
						TestTargetID = 8116359D20AC20D200116E20;
					};
					811635BF20AC20D300116E20 = {
						CreatedOnToolsVersion = 9.2;
						ProvisioningStyle = Automatic;
						TestTargetID = 8116359D20AC20D200116E20;
					};
				};
			};
			buildConfigurationList = 8116359920AC20D200116E20 /* Build configuration list for PBXProject "weatherapp" */;
			compatibilityVersion = "Xcode 8.0";
			developmentRegion = en;
			hasScannedForEncodings = 0;
			knownRegions = (
				en,
				Base,
			);
			mainGroup = 8116359520AC20D200116E20;
			productRefGroup = 8116359F20AC20D200116E20 /* Products */;
			projectDirPath = "";
			projectRoot = "";
			targets = (
				8116359D20AC20D200116E20 /* weatherapp */,
				811635B420AC20D300116E20 /* weatherappTests */,
				811635BF20AC20D300116E20 /* weatherappUITests */,
			);
		};
/* End PBXProject section */

/* Begin PBXResourcesBuildPhase section */
		8116359C20AC20D200116E20 /* Resources */ = {
			isa = PBXResourcesBuildPhase;
			buildActionMask = 2147483647;
			files = (
				811635AF20AC20D200116E20 /* LaunchScreen.storyboard in Resources */,
				8180181620AC7C4500C4EF3E /* Weather.storyboard in Resources */,
				811635AC20AC20D200116E20 /* Assets.xcassets in Resources */,
				811635A720AC20D200116E20 /* Main.storyboard in Resources */,
			);
			runOnlyForDeploymentPostprocessing = 0;
		};
		811635B320AC20D300116E20 /* Resources */ = {
			isa = PBXResourcesBuildPhase;
			buildActionMask = 2147483647;
			files = (
			);
			runOnlyForDeploymentPostprocessing = 0;
		};
		811635BE20AC20D300116E20 /* Resources */ = {
			isa = PBXResourcesBuildPhase;
			buildActionMask = 2147483647;
			files = (
			);
			runOnlyForDeploymentPostprocessing = 0;
		};
/* End PBXResourcesBuildPhase section */

/* Begin PBXShellScriptBuildPhase section */
		4B747946B578EBA40B7921A2 /* [CP] Check Pods Manifest.lock */ = {
			isa = PBXShellScriptBuildPhase;
			buildActionMask = 2147483647;
			files = (
			);
			inputPaths = (
				"${PODS_PODFILE_DIR_PATH}/Podfile.lock",
				"${PODS_ROOT}/Manifest.lock",
			);
			name = "[CP] Check Pods Manifest.lock";
			outputPaths = (
				"$(DERIVED_FILE_DIR)/Pods-weatherapp-checkManifestLockResult.txt",
			);
			runOnlyForDeploymentPostprocessing = 0;
			shellPath = /bin/sh;
			shellScript = "diff \"${PODS_PODFILE_DIR_PATH}/Podfile.lock\" \"${PODS_ROOT}/Manifest.lock\" > /dev/null\nif [ $? != 0 ] ; then\n    # print error to STDERR\n    echo \"error: The sandbox is not in sync with the Podfile.lock. Run 'pod install' or update your CocoaPods installation.\" >&2\n    exit 1\nfi\n# This output is used by Xcode 'outputs' to avoid re-running this script phase.\necho \"SUCCESS\" > \"${SCRIPT_OUTPUT_FILE_0}\"\n";
			showEnvVarsInLog = 0;
		};
		66699BBC8B8F8376B120EBFF /* [CP] Check Pods Manifest.lock */ = {
			isa = PBXShellScriptBuildPhase;
			buildActionMask = 2147483647;
			files = (
			);
			inputPaths = (
				"${PODS_PODFILE_DIR_PATH}/Podfile.lock",
				"${PODS_ROOT}/Manifest.lock",
			);
			name = "[CP] Check Pods Manifest.lock";
			outputPaths = (
				"$(DERIVED_FILE_DIR)/Pods-weatherappTests-checkManifestLockResult.txt",
			);
			runOnlyForDeploymentPostprocessing = 0;
			shellPath = /bin/sh;
			shellScript = "diff \"${PODS_PODFILE_DIR_PATH}/Podfile.lock\" \"${PODS_ROOT}/Manifest.lock\" > /dev/null\nif [ $? != 0 ] ; then\n    # print error to STDERR\n    echo \"error: The sandbox is not in sync with the Podfile.lock. Run 'pod install' or update your CocoaPods installation.\" >&2\n    exit 1\nfi\n# This output is used by Xcode 'outputs' to avoid re-running this script phase.\necho \"SUCCESS\" > \"${SCRIPT_OUTPUT_FILE_0}\"\n";
			showEnvVarsInLog = 0;
		};
		77CE4B6FFC8AF5D1BE0DD68A /* [CP] Embed Pods Frameworks */ = {
			isa = PBXShellScriptBuildPhase;
			buildActionMask = 2147483647;
			files = (
			);
			inputPaths = (
				"${SRCROOT}/Pods/Target Support Files/Pods-weatherapp/Pods-weatherapp-frameworks.sh",
				"${BUILT_PRODUCTS_DIR}/Alamofire/Alamofire.framework",
				"${BUILT_PRODUCTS_DIR}/AlamofireImage/AlamofireImage.framework",
			);
			name = "[CP] Embed Pods Frameworks";
			outputPaths = (
				"${TARGET_BUILD_DIR}/${FRAMEWORKS_FOLDER_PATH}/Alamofire.framework",
				"${TARGET_BUILD_DIR}/${FRAMEWORKS_FOLDER_PATH}/AlamofireImage.framework",
			);
			runOnlyForDeploymentPostprocessing = 0;
			shellPath = /bin/sh;
			shellScript = "\"${SRCROOT}/Pods/Target Support Files/Pods-weatherapp/Pods-weatherapp-frameworks.sh\"\n";
			showEnvVarsInLog = 0;
		};
		E01014F09E36C0F41F6A031C /* [CP] Check Pods Manifest.lock */ = {
			isa = PBXShellScriptBuildPhase;
			buildActionMask = 2147483647;
			files = (
			);
			inputPaths = (
				"${PODS_PODFILE_DIR_PATH}/Podfile.lock",
				"${PODS_ROOT}/Manifest.lock",
			);
			name = "[CP] Check Pods Manifest.lock";
			outputPaths = (
				"$(DERIVED_FILE_DIR)/Pods-weatherappUITests-checkManifestLockResult.txt",
			);
			runOnlyForDeploymentPostprocessing = 0;
			shellPath = /bin/sh;
			shellScript = "diff \"${PODS_PODFILE_DIR_PATH}/Podfile.lock\" \"${PODS_ROOT}/Manifest.lock\" > /dev/null\nif [ $? != 0 ] ; then\n    # print error to STDERR\n    echo \"error: The sandbox is not in sync with the Podfile.lock. Run 'pod install' or update your CocoaPods installation.\" >&2\n    exit 1\nfi\n# This output is used by Xcode 'outputs' to avoid re-running this script phase.\necho \"SUCCESS\" > \"${SCRIPT_OUTPUT_FILE_0}\"\n";
			showEnvVarsInLog = 0;
		};
/* End PBXShellScriptBuildPhase section */

/* Begin PBXSourcesBuildPhase section */
		8116359A20AC20D200116E20 /* Sources */ = {
			isa = PBXSourcesBuildPhase;
			buildActionMask = 2147483647;
			files = (
				8180182120AC81E500C4EF3E /* Main.swift in Sources */,
				8180182320AC847100C4EF3E /* Wind.swift in Sources */,
				8180181A20AC7D5200C4EF3E /* Constant.swift in Sources */,
				8160B88D20AD662A00C01EED /* TimestampUtils.swift in Sources */,
				8180182520AC84B000C4EF3E /* Clouds.swift in Sources */,
				8180181120AC79BB00C4EF3E /* Weather.swift in Sources */,
				8180181820AC7C6800C4EF3E /* WeatherViewController.swift in Sources */,
				8160B89020AD6DE600C01EED /* ApiImageResponse.swift in Sources */,
				8180181D20AC804B00C4EF3E /* ApiResponse.swift in Sources */,
				8180183020AC8CE200C4EF3E /* UIColor+Extension.swift in Sources */,
				8180182920AC854400C4EF3E /* ApiRouter.swift in Sources */,
				8160B88820AD501A00C01EED /* Hits.swift in Sources */,
				8180182E20AC8CBD00C4EF3E /* UIButton+Extension.swift in Sources */,
				8160B89420AD6F2100C01EED /* ApiImage.swift in Sources */,
				8160B89220AD6E4B00C01EED /* ApiImageRouter.swift in Sources */,
				811635A420AC20D200116E20 /* ViewController.swift in Sources */,
				81464BC520ACE8DE000BBEF5 /* IsoCountryCodes.swift in Sources */,
				8180181F20AC819200C4EF3E /* Coord.swift in Sources */,
				811635AA20AC20D200116E20 /* weatherapp.xcdatamodeld in Sources */,
				8160B88B20AD5A6E00C01EED /* Rain.swift in Sources */,
				81464BC320ACE8A2000BBEF5 /* IsoCountries.swift in Sources */,
				811635A220AC20D200116E20 /* AppDelegate.swift in Sources */,
				81464BC720ACF246000BBEF5 /* UIImageView+Extension.swift in Sources */,
				8180182B20AC876700C4EF3E /* Api.swift in Sources */,
				8180182720AC84D100C4EF3E /* Sys.swift in Sources */,
			);
			runOnlyForDeploymentPostprocessing = 0;
		};
		811635B120AC20D300116E20 /* Sources */ = {
			isa = PBXSourcesBuildPhase;
			buildActionMask = 2147483647;
			files = (
				811635BA20AC20D300116E20 /* weatherappTests.swift in Sources */,
			);
			runOnlyForDeploymentPostprocessing = 0;
		};
		811635BC20AC20D300116E20 /* Sources */ = {
			isa = PBXSourcesBuildPhase;
			buildActionMask = 2147483647;
			files = (
				811635C520AC20D300116E20 /* weatherappUITests.swift in Sources */,
				8160B88620AD282D00C01EED /* XCUIApplication.swift in Sources */,
			);
			runOnlyForDeploymentPostprocessing = 0;
		};
/* End PBXSourcesBuildPhase section */

/* Begin PBXTargetDependency section */
		811635B720AC20D300116E20 /* PBXTargetDependency */ = {
			isa = PBXTargetDependency;
			target = 8116359D20AC20D200116E20 /* weatherapp */;
			targetProxy = 811635B620AC20D300116E20 /* PBXContainerItemProxy */;
		};
		811635C220AC20D300116E20 /* PBXTargetDependency */ = {
			isa = PBXTargetDependency;
			target = 8116359D20AC20D200116E20 /* weatherapp */;
			targetProxy = 811635C120AC20D300116E20 /* PBXContainerItemProxy */;
		};
/* End PBXTargetDependency section */

/* Begin PBXVariantGroup section */
		811635A520AC20D200116E20 /* Main.storyboard */ = {
			isa = PBXVariantGroup;
			children = (
				811635A620AC20D200116E20 /* Base */,
			);
			name = Main.storyboard;
			sourceTree = "<group>";
		};
		811635AD20AC20D200116E20 /* LaunchScreen.storyboard */ = {
			isa = PBXVariantGroup;
			children = (
				811635AE20AC20D200116E20 /* Base */,
			);
			name = LaunchScreen.storyboard;
			sourceTree = "<group>";
		};
/* End PBXVariantGroup section */

/* Begin XCBuildConfiguration section */
		811635C720AC20D300116E20 /* Debug */ = {
			isa = XCBuildConfiguration;
			buildSettings = {
				ALWAYS_SEARCH_USER_PATHS = NO;
				CLANG_ANALYZER_NONNULL = YES;
				CLANG_ANALYZER_NUMBER_OBJECT_CONVERSION = YES_AGGRESSIVE;
				CLANG_CXX_LANGUAGE_STANDARD = "gnu++14";
				CLANG_CXX_LIBRARY = "libc++";
				CLANG_ENABLE_MODULES = YES;
				CLANG_ENABLE_OBJC_ARC = YES;
				CLANG_WARN_BLOCK_CAPTURE_AUTORELEASING = YES;
				CLANG_WARN_BOOL_CONVERSION = YES;
				CLANG_WARN_COMMA = YES;
				CLANG_WARN_CONSTANT_CONVERSION = YES;
				CLANG_WARN_DIRECT_OBJC_ISA_USAGE = YES_ERROR;
				CLANG_WARN_DOCUMENTATION_COMMENTS = YES;
				CLANG_WARN_EMPTY_BODY = YES;
				CLANG_WARN_ENUM_CONVERSION = YES;
				CLANG_WARN_INFINITE_RECURSION = YES;
				CLANG_WARN_INT_CONVERSION = YES;
				CLANG_WARN_NON_LITERAL_NULL_CONVERSION = YES;
				CLANG_WARN_OBJC_LITERAL_CONVERSION = YES;
				CLANG_WARN_OBJC_ROOT_CLASS = YES_ERROR;
				CLANG_WARN_RANGE_LOOP_ANALYSIS = YES;
				CLANG_WARN_STRICT_PROTOTYPES = YES;
				CLANG_WARN_SUSPICIOUS_MOVE = YES;
				CLANG_WARN_UNGUARDED_AVAILABILITY = YES_AGGRESSIVE;
				CLANG_WARN_UNREACHABLE_CODE = YES;
				CLANG_WARN__DUPLICATE_METHOD_MATCH = YES;
				CODE_SIGN_IDENTITY = "iPhone Developer";
				COPY_PHASE_STRIP = NO;
				DEBUG_INFORMATION_FORMAT = dwarf;
				ENABLE_STRICT_OBJC_MSGSEND = YES;
				ENABLE_TESTABILITY = YES;
				GCC_C_LANGUAGE_STANDARD = gnu11;
				GCC_DYNAMIC_NO_PIC = NO;
				GCC_NO_COMMON_BLOCKS = YES;
				GCC_OPTIMIZATION_LEVEL = 0;
				GCC_PREPROCESSOR_DEFINITIONS = (
					"DEBUG=1",
					"$(inherited)",
				);
				GCC_WARN_64_TO_32_BIT_CONVERSION = YES;
				GCC_WARN_ABOUT_RETURN_TYPE = YES_ERROR;
				GCC_WARN_UNDECLARED_SELECTOR = YES;
				GCC_WARN_UNINITIALIZED_AUTOS = YES_AGGRESSIVE;
				GCC_WARN_UNUSED_FUNCTION = YES;
				GCC_WARN_UNUSED_VARIABLE = YES;
				IPHONEOS_DEPLOYMENT_TARGET = 11.2;
				MTL_ENABLE_DEBUG_INFO = YES;
				ONLY_ACTIVE_ARCH = YES;
				SDKROOT = iphoneos;
				SWIFT_ACTIVE_COMPILATION_CONDITIONS = DEBUG;
				SWIFT_OPTIMIZATION_LEVEL = "-Onone";
			};
			name = Debug;
		};
		811635C820AC20D300116E20 /* Release */ = {
			isa = XCBuildConfiguration;
			buildSettings = {
				ALWAYS_SEARCH_USER_PATHS = NO;
				CLANG_ANALYZER_NONNULL = YES;
				CLANG_ANALYZER_NUMBER_OBJECT_CONVERSION = YES_AGGRESSIVE;
				CLANG_CXX_LANGUAGE_STANDARD = "gnu++14";
				CLANG_CXX_LIBRARY = "libc++";
				CLANG_ENABLE_MODULES = YES;
				CLANG_ENABLE_OBJC_ARC = YES;
				CLANG_WARN_BLOCK_CAPTURE_AUTORELEASING = YES;
				CLANG_WARN_BOOL_CONVERSION = YES;
				CLANG_WARN_COMMA = YES;
				CLANG_WARN_CONSTANT_CONVERSION = YES;
				CLANG_WARN_DIRECT_OBJC_ISA_USAGE = YES_ERROR;
				CLANG_WARN_DOCUMENTATION_COMMENTS = YES;
				CLANG_WARN_EMPTY_BODY = YES;
				CLANG_WARN_ENUM_CONVERSION = YES;
				CLANG_WARN_INFINITE_RECURSION = YES;
				CLANG_WARN_INT_CONVERSION = YES;
				CLANG_WARN_NON_LITERAL_NULL_CONVERSION = YES;
				CLANG_WARN_OBJC_LITERAL_CONVERSION = YES;
				CLANG_WARN_OBJC_ROOT_CLASS = YES_ERROR;
				CLANG_WARN_RANGE_LOOP_ANALYSIS = YES;
				CLANG_WARN_STRICT_PROTOTYPES = YES;
				CLANG_WARN_SUSPICIOUS_MOVE = YES;
				CLANG_WARN_UNGUARDED_AVAILABILITY = YES_AGGRESSIVE;
				CLANG_WARN_UNREACHABLE_CODE = YES;
				CLANG_WARN__DUPLICATE_METHOD_MATCH = YES;
				CODE_SIGN_IDENTITY = "iPhone Developer";
				COPY_PHASE_STRIP = NO;
				DEBUG_INFORMATION_FORMAT = "dwarf-with-dsym";
				ENABLE_NS_ASSERTIONS = NO;
				ENABLE_STRICT_OBJC_MSGSEND = YES;
				GCC_C_LANGUAGE_STANDARD = gnu11;
				GCC_NO_COMMON_BLOCKS = YES;
				GCC_WARN_64_TO_32_BIT_CONVERSION = YES;
				GCC_WARN_ABOUT_RETURN_TYPE = YES_ERROR;
				GCC_WARN_UNDECLARED_SELECTOR = YES;
				GCC_WARN_UNINITIALIZED_AUTOS = YES_AGGRESSIVE;
				GCC_WARN_UNUSED_FUNCTION = YES;
				GCC_WARN_UNUSED_VARIABLE = YES;
				IPHONEOS_DEPLOYMENT_TARGET = 11.2;
				MTL_ENABLE_DEBUG_INFO = NO;
				SDKROOT = iphoneos;
				SWIFT_OPTIMIZATION_LEVEL = "-Owholemodule";
				VALIDATE_PRODUCT = YES;
			};
			name = Release;
		};
		811635CA20AC20D300116E20 /* Debug */ = {
			isa = XCBuildConfiguration;
			baseConfigurationReference = EE9E88FEC4A2F19FD41E92B0 /* Pods-weatherapp.debug.xcconfig */;
			buildSettings = {
				ASSETCATALOG_COMPILER_APPICON_NAME = AppIcon;
				CODE_SIGN_STYLE = Automatic;
				DEVELOPMENT_TEAM = 5U4HY642F3;
				INFOPLIST_FILE = weatherapp/Info.plist;
				IPHONEOS_DEPLOYMENT_TARGET = 10.0;
				LD_RUNPATH_SEARCH_PATHS = "$(inherited) @executable_path/Frameworks";
				PRODUCT_BUNDLE_IDENTIFIER = blanja.weatherapp;
				PRODUCT_NAME = "$(TARGET_NAME)";
				SWIFT_VERSION = 4.0;
				TARGETED_DEVICE_FAMILY = 1;
			};
			name = Debug;
		};
		811635CB20AC20D300116E20 /* Release */ = {
			isa = XCBuildConfiguration;
			baseConfigurationReference = F9B0DC57954C658B6F979CBA /* Pods-weatherapp.release.xcconfig */;
			buildSettings = {
				ASSETCATALOG_COMPILER_APPICON_NAME = AppIcon;
				CODE_SIGN_STYLE = Automatic;
				DEVELOPMENT_TEAM = 5U4HY642F3;
				INFOPLIST_FILE = weatherapp/Info.plist;
				IPHONEOS_DEPLOYMENT_TARGET = 10.0;
				LD_RUNPATH_SEARCH_PATHS = "$(inherited) @executable_path/Frameworks";
				PRODUCT_BUNDLE_IDENTIFIER = blanja.weatherapp;
				PRODUCT_NAME = "$(TARGET_NAME)";
				SWIFT_VERSION = 4.0;
				TARGETED_DEVICE_FAMILY = 1;
			};
			name = Release;
		};
		811635CD20AC20D300116E20 /* Debug */ = {
			isa = XCBuildConfiguration;
			baseConfigurationReference = A411F27BE9E5D807D8DD3485 /* Pods-weatherappTests.debug.xcconfig */;
			buildSettings = {
				ALWAYS_EMBED_SWIFT_STANDARD_LIBRARIES = YES;
				BUNDLE_LOADER = "$(TEST_HOST)";
				CODE_SIGN_STYLE = Automatic;
				DEVELOPMENT_TEAM = 5U4HY642F3;
				INFOPLIST_FILE = weatherappTests/Info.plist;
				LD_RUNPATH_SEARCH_PATHS = "$(inherited) @executable_path/Frameworks @loader_path/Frameworks";
				PRODUCT_BUNDLE_IDENTIFIER = blanja.weatherappTests;
				PRODUCT_NAME = "$(TARGET_NAME)";
				SWIFT_VERSION = 4.0;
				TARGETED_DEVICE_FAMILY = "1,2";
				TEST_HOST = "$(BUILT_PRODUCTS_DIR)/weatherapp.app/weatherapp";
			};
			name = Debug;
		};
		811635CE20AC20D300116E20 /* Release */ = {
			isa = XCBuildConfiguration;
			baseConfigurationReference = D5ED0FB5496D57F08FC58EF5 /* Pods-weatherappTests.release.xcconfig */;
			buildSettings = {
				ALWAYS_EMBED_SWIFT_STANDARD_LIBRARIES = YES;
				BUNDLE_LOADER = "$(TEST_HOST)";
				CODE_SIGN_STYLE = Automatic;
				DEVELOPMENT_TEAM = 5U4HY642F3;
				INFOPLIST_FILE = weatherappTests/Info.plist;
				LD_RUNPATH_SEARCH_PATHS = "$(inherited) @executable_path/Frameworks @loader_path/Frameworks";
				PRODUCT_BUNDLE_IDENTIFIER = blanja.weatherappTests;
				PRODUCT_NAME = "$(TARGET_NAME)";
				SWIFT_VERSION = 4.0;
				TARGETED_DEVICE_FAMILY = "1,2";
				TEST_HOST = "$(BUILT_PRODUCTS_DIR)/weatherapp.app/weatherapp";
			};
			name = Release;
		};
		811635D020AC20D300116E20 /* Debug */ = {
			isa = XCBuildConfiguration;
			baseConfigurationReference = 9F5DB3C1C01E1A075CA16F14 /* Pods-weatherappUITests.debug.xcconfig */;
			buildSettings = {
				ALWAYS_EMBED_SWIFT_STANDARD_LIBRARIES = YES;
				CODE_SIGN_STYLE = Automatic;
				DEVELOPMENT_TEAM = 5U4HY642F3;
				INFOPLIST_FILE = weatherappUITests/Info.plist;
				LD_RUNPATH_SEARCH_PATHS = "$(inherited) @executable_path/Frameworks @loader_path/Frameworks";
				PRODUCT_BUNDLE_IDENTIFIER = blanja.weatherappUITests;
				PRODUCT_NAME = "$(TARGET_NAME)";
				SWIFT_VERSION = 4.0;
				TARGETED_DEVICE_FAMILY = "1,2";
				TEST_TARGET_NAME = weatherapp;
			};
			name = Debug;
		};
		811635D120AC20D300116E20 /* Release */ = {
			isa = XCBuildConfiguration;
			baseConfigurationReference = 6CD16D51C5B13F3B770326F9 /* Pods-weatherappUITests.release.xcconfig */;
			buildSettings = {
				ALWAYS_EMBED_SWIFT_STANDARD_LIBRARIES = YES;
				CODE_SIGN_STYLE = Automatic;
				DEVELOPMENT_TEAM = 5U4HY642F3;
				INFOPLIST_FILE = weatherappUITests/Info.plist;
				LD_RUNPATH_SEARCH_PATHS = "$(inherited) @executable_path/Frameworks @loader_path/Frameworks";
				PRODUCT_BUNDLE_IDENTIFIER = blanja.weatherappUITests;
				PRODUCT_NAME = "$(TARGET_NAME)";
				SWIFT_VERSION = 4.0;
				TARGETED_DEVICE_FAMILY = "1,2";
				TEST_TARGET_NAME = weatherapp;
			};
			name = Release;
		};
/* End XCBuildConfiguration section */

/* Begin XCConfigurationList section */
		8116359920AC20D200116E20 /* Build configuration list for PBXProject "weatherapp" */ = {
			isa = XCConfigurationList;
			buildConfigurations = (
				811635C720AC20D300116E20 /* Debug */,
				811635C820AC20D300116E20 /* Release */,
			);
			defaultConfigurationIsVisible = 0;
			defaultConfigurationName = Release;
		};
		811635C920AC20D300116E20 /* Build configuration list for PBXNativeTarget "weatherapp" */ = {
			isa = XCConfigurationList;
			buildConfigurations = (
				811635CA20AC20D300116E20 /* Debug */,
				811635CB20AC20D300116E20 /* Release */,
			);
			defaultConfigurationIsVisible = 0;
			defaultConfigurationName = Release;
		};
		811635CC20AC20D300116E20 /* Build configuration list for PBXNativeTarget "weatherappTests" */ = {
			isa = XCConfigurationList;
			buildConfigurations = (
				811635CD20AC20D300116E20 /* Debug */,
				811635CE20AC20D300116E20 /* Release */,
			);
			defaultConfigurationIsVisible = 0;
			defaultConfigurationName = Release;
		};
		811635CF20AC20D300116E20 /* Build configuration list for PBXNativeTarget "weatherappUITests" */ = {
			isa = XCConfigurationList;
			buildConfigurations = (
				811635D020AC20D300116E20 /* Debug */,
				811635D120AC20D300116E20 /* Release */,
			);
			defaultConfigurationIsVisible = 0;
			defaultConfigurationName = Release;
		};
/* End XCConfigurationList section */

/* Begin XCVersionGroup section */
		811635A820AC20D200116E20 /* weatherapp.xcdatamodeld */ = {
			isa = XCVersionGroup;
			children = (
				811635A920AC20D200116E20 /* weatherapp.xcdatamodel */,
			);
			currentVersion = 811635A920AC20D200116E20 /* weatherapp.xcdatamodel */;
			path = weatherapp.xcdatamodeld;
			sourceTree = "<group>";
			versionGroupType = wrapper.xcdatamodel;
		};
/* End XCVersionGroup section */
	};
	rootObject = 8116359620AC20D200116E20 /* Project object */;
}
